// !$*UTF8*$!
{
	archiveVersion = 1;
	classes = {
	};
	objectVersion = 50;
	objects = {

/* Begin PBXBuildFile section */
		B722B38224C4F63C00CA5AF3 /* MessageView.swift in Sources */ = {isa = PBXBuildFile; fileRef = B722B38124C4F63C00CA5AF3 /* MessageView.swift */; };
		B74C2D5A24C532C300D8F5F7 /* CardView.swift in Sources */ = {isa = PBXBuildFile; fileRef = B74C2D5924C532C300D8F5F7 /* CardView.swift */; };
		B750F67824BF21F600E07F99 /* AppDelegate.swift in Sources */ = {isa = PBXBuildFile; fileRef = B750F67724BF21F600E07F99 /* AppDelegate.swift */; };
		B750F67A24BF21F600E07F99 /* SceneDelegate.swift in Sources */ = {isa = PBXBuildFile; fileRef = B750F67924BF21F600E07F99 /* SceneDelegate.swift */; };
		B750F67C24BF21F600E07F99 /* ContentView.swift in Sources */ = {isa = PBXBuildFile; fileRef = B750F67B24BF21F600E07F99 /* ContentView.swift */; };
		B750F67E24BF21F800E07F99 /* Assets.xcassets in Resources */ = {isa = PBXBuildFile; fileRef = B750F67D24BF21F800E07F99 /* Assets.xcassets */; };
		B750F68124BF21F800E07F99 /* Preview Assets.xcassets in Resources */ = {isa = PBXBuildFile; fileRef = B750F68024BF21F800E07F99 /* Preview Assets.xcassets */; };
		B750F68424BF21F800E07F99 /* LaunchScreen.storyboard in Resources */ = {isa = PBXBuildFile; fileRef = B750F68224BF21F800E07F99 /* LaunchScreen.storyboard */; };
		B750F68C24BF2B0200E07F99 /* CardsStackView.swift in Sources */ = {isa = PBXBuildFile; fileRef = B750F68B24BF2B0200E07F99 /* CardsStackView.swift */; };
		B750F68E24BF35BB00E07F99 /* ControlButtonsView.swift in Sources */ = {isa = PBXBuildFile; fileRef = B750F68D24BF35BB00E07F99 /* ControlButtonsView.swift */; };
		B750F69024BF441C00E07F99 /* CardHeader.swift in Sources */ = {isa = PBXBuildFile; fileRef = B750F68F24BF441C00E07F99 /* CardHeader.swift */; };
		B750F69224BF4D9D00E07F99 /* Waveform.swift in Sources */ = {isa = PBXBuildFile; fileRef = B750F69124BF4D9D00E07F99 /* Waveform.swift */; };
/* End PBXBuildFile section */

/* Begin PBXFileReference section */
		B722B38124C4F63C00CA5AF3 /* MessageView.swift */ = {isa = PBXFileReference; lastKnownFileType = sourcecode.swift; path = MessageView.swift; sourceTree = "<group>"; };
		B74C2D5924C532C300D8F5F7 /* CardView.swift */ = {isa = PBXFileReference; lastKnownFileType = sourcecode.swift; path = CardView.swift; sourceTree = "<group>"; };
		B750F67424BF21F600E07F99 /* TestApp.app */ = {isa = PBXFileReference; explicitFileType = wrapper.application; includeInIndex = 0; path = TestApp.app; sourceTree = BUILT_PRODUCTS_DIR; };
		B750F67724BF21F600E07F99 /* AppDelegate.swift */ = {isa = PBXFileReference; lastKnownFileType = sourcecode.swift; path = AppDelegate.swift; sourceTree = "<group>"; };
		B750F67924BF21F600E07F99 /* SceneDelegate.swift */ = {isa = PBXFileReference; lastKnownFileType = sourcecode.swift; path = SceneDelegate.swift; sourceTree = "<group>"; };
		B750F67B24BF21F600E07F99 /* ContentView.swift */ = {isa = PBXFileReference; lastKnownFileType = sourcecode.swift; path = ContentView.swift; sourceTree = "<group>"; };
		B750F67D24BF21F800E07F99 /* Assets.xcassets */ = {isa = PBXFileReference; lastKnownFileType = folder.assetcatalog; path = Assets.xcassets; sourceTree = "<group>"; };
		B750F68024BF21F800E07F99 /* Preview Assets.xcassets */ = {isa = PBXFileReference; lastKnownFileType = folder.assetcatalog; path = "Preview Assets.xcassets"; sourceTree = "<group>"; };
		B750F68324BF21F800E07F99 /* Base */ = {isa = PBXFileReference; lastKnownFileType = file.storyboard; name = Base; path = Base.lproj/LaunchScreen.storyboard; sourceTree = "<group>"; };
		B750F68524BF21F800E07F99 /* Info.plist */ = {isa = PBXFileReference; lastKnownFileType = text.plist.xml; path = Info.plist; sourceTree = "<group>"; };
		B750F68B24BF2B0200E07F99 /* CardsStackView.swift */ = {isa = PBXFileReference; lastKnownFileType = sourcecode.swift; path = CardsStackView.swift; sourceTree = "<group>"; };
		B750F68D24BF35BB00E07F99 /* ControlButtonsView.swift */ = {isa = PBXFileReference; lastKnownFileType = sourcecode.swift; path = ControlButtonsView.swift; sourceTree = "<group>"; };
		B750F68F24BF441C00E07F99 /* CardHeader.swift */ = {isa = PBXFileReference; lastKnownFileType = sourcecode.swift; path = CardHeader.swift; sourceTree = "<group>"; };
		B750F69124BF4D9D00E07F99 /* Waveform.swift */ = {isa = PBXFileReference; lastKnownFileType = sourcecode.swift; path = Waveform.swift; sourceTree = "<group>"; };
		B7B151652512B1FF00F94D5A /* foldable cards.mp4 */ = {isa = PBXFileReference; lastKnownFileType = file; path = "foldable cards.mp4"; sourceTree = "<group>"; };
/* End PBXFileReference section */

/* Begin PBXFrameworksBuildPhase section */
		B750F67124BF21F600E07F99 /* Frameworks */ = {
			isa = PBXFrameworksBuildPhase;
			buildActionMask = 2147483647;
			files = (
			);
			runOnlyForDeploymentPostprocessing = 0;
		};
/* End PBXFrameworksBuildPhase section */

/* Begin PBXGroup section */
		B750F66B24BF21F600E07F99 = {
			isa = PBXGroup;
			children = (
				B7B151652512B1FF00F94D5A /* foldable cards.mp4 */,
				B750F67624BF21F600E07F99 /* TestApp */,
				B750F67524BF21F600E07F99 /* Products */,
			);
			sourceTree = "<group>";
		};
		B750F67524BF21F600E07F99 /* Products */ = {
			isa = PBXGroup;
			children = (
				B750F67424BF21F600E07F99 /* TestApp.app */,
			);
			name = Products;
			sourceTree = "<group>";
		};
		B750F67624BF21F600E07F99 /* TestApp */ = {
			isa = PBXGroup;
			children = (
				B750F67724BF21F600E07F99 /* AppDelegate.swift */,
				B750F67924BF21F600E07F99 /* SceneDelegate.swift */,
				B750F69324BF544300E07F99 /* View */,
				B750F67D24BF21F800E07F99 /* Assets.xcassets */,
				B750F68224BF21F800E07F99 /* LaunchScreen.storyboard */,
				B750F68524BF21F800E07F99 /* Info.plist */,
				B750F67F24BF21F800E07F99 /* Preview Content */,
			);
			path = TestApp;
			sourceTree = "<group>";
		};
		B750F67F24BF21F800E07F99 /* Preview Content */ = {
			isa = PBXGroup;
			children = (
				B750F68024BF21F800E07F99 /* Preview Assets.xcassets */,
			);
			path = "Preview Content";
			sourceTree = "<group>";
		};
		B750F69324BF544300E07F99 /* View */ = {
			isa = PBXGroup;
			children = (
				B750F67B24BF21F600E07F99 /* ContentView.swift */,
				B750F68B24BF2B0200E07F99 /* CardsStackView.swift */,
				B74C2D5924C532C300D8F5F7 /* CardView.swift */,
				B750F68F24BF441C00E07F99 /* CardHeader.swift */,
				B722B38124C4F63C00CA5AF3 /* MessageView.swift */,
				B750F69124BF4D9D00E07F99 /* Waveform.swift */,
				B750F68D24BF35BB00E07F99 /* ControlButtonsView.swift */,
			);
			path = View;
			sourceTree = "<group>";
		};
/* End PBXGroup section */

/* Begin PBXNativeTarget section */
		B750F67324BF21F600E07F99 /* TestApp */ = {
			isa = PBXNativeTarget;
			buildConfigurationList = B750F68824BF21F800E07F99 /* Build configuration list for PBXNativeTarget "TestApp" */;
			buildPhases = (
				B750F67024BF21F600E07F99 /* Sources */,
				B750F67124BF21F600E07F99 /* Frameworks */,
				B750F67224BF21F600E07F99 /* Resources */,
			);
			buildRules = (
			);
			dependencies = (
			);
			name = TestApp;
			productName = TestApp;
			productReference = B750F67424BF21F600E07F99 /* TestApp.app */;
			productType = "com.apple.product-type.application";
		};
/* End PBXNativeTarget section */

/* Begin PBXProject section */
		B750F66C24BF21F600E07F99 /* Project object */ = {
			isa = PBXProject;
			attributes = {
				LastSwiftUpdateCheck = 1150;
				LastUpgradeCheck = 1150;
				ORGANIZATIONNAME = Den;
				TargetAttributes = {
					B750F67324BF21F600E07F99 = {
						CreatedOnToolsVersion = 11.5;
					};
				};
			};
			buildConfigurationList = B750F66F24BF21F600E07F99 /* Build configuration list for PBXProject "TestApp" */;
			compatibilityVersion = "Xcode 9.3";
			developmentRegion = en;
			hasScannedForEncodings = 0;
			knownRegions = (
				en,
				Base,
			);
			mainGroup = B750F66B24BF21F600E07F99;
			productRefGroup = B750F67524BF21F600E07F99 /* Products */;
			projectDirPath = "";
			projectRoot = "";
			targets = (
				B750F67324BF21F600E07F99 /* TestApp */,
			);
		};
/* End PBXProject section */

/* Begin PBXResourcesBuildPhase section */
		B750F67224BF21F600E07F99 /* Resources */ = {
			isa = PBXResourcesBuildPhase;
			buildActionMask = 2147483647;
			files = (
				B750F68424BF21F800E07F99 /* LaunchScreen.storyboard in Resources */,
				B750F68124BF21F800E07F99 /* Preview Assets.xcassets in Resources */,
				B750F67E24BF21F800E07F99 /* Assets.xcassets in Resources */,
			);
			runOnlyForDeploymentPostprocessing = 0;
		};
/* End PBXResourcesBuildPhase section */

/* Begin PBXSourcesBuildPhase section */
		B750F67024BF21F600E07F99 /* Sources */ = {
			isa = PBXSourcesBuildPhase;
			buildActionMask = 2147483647;
			files = (
				B750F67824BF21F600E07F99 /* AppDelegate.swift in Sources */,
				B74C2D5A24C532C300D8F5F7 /* CardView.swift in Sources */,
				B750F68E24BF35BB00E07F99 /* ControlButtonsView.swift in Sources */,
				B750F69224BF4D9D00E07F99 /* Waveform.swift in Sources */,
				B750F69024BF441C00E07F99 /* CardHeader.swift in Sources */,
				B722B38224C4F63C00CA5AF3 /* MessageView.swift in Sources */,
				B750F67A24BF21F600E07F99 /* SceneDelegate.swift in Sources */,
				B750F68C24BF2B0200E07F99 /* CardsStackView.swift in Sources */,
				B750F67C24BF21F600E07F99 /* ContentView.swift in Sources */,
			);
			runOnlyForDeploymentPostprocessing = 0;
		};
/* End PBXSourcesBuildPhase section */

/* Begin PBXVariantGroup section */
		B750F68224BF21F800E07F99 /* LaunchScreen.storyboard */ = {
			isa = PBXVariantGroup;
			children = (
				B750F68324BF21F800E07F99 /* Base */,
			);
			name = LaunchScreen.storyboard;
			sourceTree = "<group>";
		};
/* End PBXVariantGroup section */

/* Begin XCBuildConfiguration section */
		B750F68624BF21F800E07F99 /* Debug */ = {
			isa = XCBuildConfiguration;
			buildSettings = {
				ALWAYS_SEARCH_USER_PATHS = NO;
				CLANG_ANALYZER_NONNULL = YES;
				CLANG_ANALYZER_NUMBER_OBJECT_CONVERSION = YES_AGGRESSIVE;
				CLANG_CXX_LANGUAGE_STANDARD = "gnu++14";
				CLANG_CXX_LIBRARY = "libc++";
				CLANG_ENABLE_MODULES = YES;
				CLANG_ENABLE_OBJC_ARC = YES;
				CLANG_ENABLE_OBJC_WEAK = YES;
				CLANG_WARN_BLOCK_CAPTURE_AUTORELEASING = YES;
				CLANG_WARN_BOOL_CONVERSION = YES;
				CLANG_WARN_COMMA = YES;
				CLANG_WARN_CONSTANT_CONVERSION = YES;
				CLANG_WARN_DEPRECATED_OBJC_IMPLEMENTATIONS = YES;
				CLANG_WARN_DIRECT_OBJC_ISA_USAGE = YES_ERROR;
				CLANG_WARN_DOCUMENTATION_COMMENTS = YES;
				CLANG_WARN_EMPTY_BODY = YES;
				CLANG_WARN_ENUM_CONVERSION = YES;
				CLANG_WARN_INFINITE_RECURSION = YES;
				CLANG_WARN_INT_CONVERSION = YES;
				CLANG_WARN_NON_LITERAL_NULL_CONVERSION = YES;
				CLANG_WARN_OBJC_IMPLICIT_RETAIN_SELF = YES;
				CLANG_WARN_OBJC_LITERAL_CONVERSION = YES;
				CLANG_WARN_OBJC_ROOT_CLASS = YES_ERROR;
				CLANG_WARN_RANGE_LOOP_ANALYSIS = YES;
				CLANG_WARN_STRICT_PROTOTYPES = YES;
				CLANG_WARN_SUSPICIOUS_MOVE = YES;
				CLANG_WARN_UNGUARDED_AVAILABILITY = YES_AGGRESSIVE;
				CLANG_WARN_UNREACHABLE_CODE = YES;
				CLANG_WARN__DUPLICATE_METHOD_MATCH = YES;
				COPY_PHASE_STRIP = NO;
				DEBUG_INFORMATION_FORMAT = dwarf;
				ENABLE_STRICT_OBJC_MSGSEND = YES;
				ENABLE_TESTABILITY = YES;
				GCC_C_LANGUAGE_STANDARD = gnu11;
				GCC_DYNAMIC_NO_PIC = NO;
				GCC_NO_COMMON_BLOCKS = YES;
				GCC_OPTIMIZATION_LEVEL = 0;
				GCC_PREPROCESSOR_DEFINITIONS = (
					"DEBUG=1",
					"$(inherited)",
				);
				GCC_WARN_64_TO_32_BIT_CONVERSION = YES;
				GCC_WARN_ABOUT_RETURN_TYPE = YES_ERROR;
				GCC_WARN_UNDECLARED_SELECTOR = YES;
				GCC_WARN_UNINITIALIZED_AUTOS = YES_AGGRESSIVE;
				GCC_WARN_UNUSED_FUNCTION = YES;
				GCC_WARN_UNUSED_VARIABLE = YES;
				IPHONEOS_DEPLOYMENT_TARGET = 13.5;
				MTL_ENABLE_DEBUG_INFO = INCLUDE_SOURCE;
				MTL_FAST_MATH = YES;
				ONLY_ACTIVE_ARCH = YES;
				SDKROOT = iphoneos;
				SWIFT_ACTIVE_COMPILATION_CONDITIONS = DEBUG;
				SWIFT_OPTIMIZATION_LEVEL = "-Onone";
			};
			name = Debug;
		};
		B750F68724BF21F800E07F99 /* Release */ = {
			isa = XCBuildConfiguration;
			buildSettings = {
				ALWAYS_SEARCH_USER_PATHS = NO;
				CLANG_ANALYZER_NONNULL = YES;
				CLANG_ANALYZER_NUMBER_OBJECT_CONVERSION = YES_AGGRESSIVE;
				CLANG_CXX_LANGUAGE_STANDARD = "gnu++14";
				CLANG_CXX_LIBRARY = "libc++";
				CLANG_ENABLE_MODULES = YES;
				CLANG_ENABLE_OBJC_ARC = YES;
				CLANG_ENABLE_OBJC_WEAK = YES;
				CLANG_WARN_BLOCK_CAPTURE_AUTORELEASING = YES;
				CLANG_WARN_BOOL_CONVERSION = YES;
				CLANG_WARN_COMMA = YES;
				CLANG_WARN_CONSTANT_CONVERSION = YES;
				CLANG_WARN_DEPRECATED_OBJC_IMPLEMENTATIONS = YES;
				CLANG_WARN_DIRECT_OBJC_ISA_USAGE = YES_ERROR;
				CLANG_WARN_DOCUMENTATION_COMMENTS = YES;
				CLANG_WARN_EMPTY_BODY = YES;
				CLANG_WARN_ENUM_CONVERSION = YES;
				CLANG_WARN_INFINITE_RECURSION = YES;
				CLANG_WARN_INT_CONVERSION = YES;
				CLANG_WARN_NON_LITERAL_NULL_CONVERSION = YES;
				CLANG_WARN_OBJC_IMPLICIT_RETAIN_SELF = YES;
				CLANG_WARN_OBJC_LITERAL_CONVERSION = YES;
				CLANG_WARN_OBJC_ROOT_CLASS = YES_ERROR;
				CLANG_WARN_RANGE_LOOP_ANALYSIS = YES;
				CLANG_WARN_STRICT_PROTOTYPES = YES;
				CLANG_WARN_SUSPICIOUS_MOVE = YES;
				CLANG_WARN_UNGUARDED_AVAILABILITY = YES_AGGRESSIVE;
				CLANG_WARN_UNREACHABLE_CODE = YES;
				CLANG_WARN__DUPLICATE_METHOD_MATCH = YES;
				COPY_PHASE_STRIP = NO;
				DEBUG_INFORMATION_FORMAT = "dwarf-with-dsym";
				ENABLE_NS_ASSERTIONS = NO;
				ENABLE_STRICT_OBJC_MSGSEND = YES;
				GCC_C_LANGUAGE_STANDARD = gnu11;
				GCC_NO_COMMON_BLOCKS = YES;
				GCC_WARN_64_TO_32_BIT_CONVERSION = YES;
				GCC_WARN_ABOUT_RETURN_TYPE = YES_ERROR;
				GCC_WARN_UNDECLARED_SELECTOR = YES;
				GCC_WARN_UNINITIALIZED_AUTOS = YES_AGGRESSIVE;
				GCC_WARN_UNUSED_FUNCTION = YES;
				GCC_WARN_UNUSED_VARIABLE = YES;
				IPHONEOS_DEPLOYMENT_TARGET = 13.5;
				MTL_ENABLE_DEBUG_INFO = NO;
				MTL_FAST_MATH = YES;
				SDKROOT = iphoneos;
				SWIFT_COMPILATION_MODE = wholemodule;
				SWIFT_OPTIMIZATION_LEVEL = "-O";
				VALIDATE_PRODUCT = YES;
			};
			name = Release;
		};
		B750F68924BF21F800E07F99 /* Debug */ = {
			isa = XCBuildConfiguration;
			buildSettings = {
				ASSETCATALOG_COMPILER_APPICON_NAME = AppIcon;
				CODE_SIGN_STYLE = Automatic;
				DEVELOPMENT_ASSET_PATHS = "\"TestApp/Preview Content\"";
				DEVELOPMENT_TEAM = 84M5GW52R5;
				ENABLE_PREVIEWS = YES;
				INFOPLIST_FILE = TestApp/Info.plist;
				LD_RUNPATH_SEARCH_PATHS = (
					"$(inherited)",
					"@executable_path/Frameworks",
				);
				PRODUCT_BUNDLE_IDENTIFIER = den.TestApp;
				PRODUCT_NAME = "$(TARGET_NAME)";
				SWIFT_VERSION = 5.0;
				TARGETED_DEVICE_FAMILY = "1,2";
			};
			name = Debug;
		};
		B750F68A24BF21F800E07F99 /* Release */ = {
			isa = XCBuildConfiguration;
			buildSettings = {
				ASSETCATALOG_COMPILER_APPICON_NAME = AppIcon;
				CODE_SIGN_STYLE = Automatic;
				DEVELOPMENT_ASSET_PATHS = "\"TestApp/Preview Content\"";
				DEVELOPMENT_TEAM = 84M5GW52R5;
				ENABLE_PREVIEWS = YES;
				INFOPLIST_FILE = TestApp/Info.plist;
				LD_RUNPATH_SEARCH_PATHS = (
					"$(inherited)",
					"@executable_path/Frameworks",
				);
				PRODUCT_BUNDLE_IDENTIFIER = den.TestApp;
				PRODUCT_NAME = "$(TARGET_NAME)";
				SWIFT_VERSION = 5.0;
				TARGETED_DEVICE_FAMILY = "1,2";
			};
			name = Release;
		};
/* End XCBuildConfiguration section */

/* Begin XCConfigurationList section */
		B750F66F24BF21F600E07F99 /* Build configuration list for PBXProject "TestApp" */ = {
			isa = XCConfigurationList;
			buildConfigurations = (
				B750F68624BF21F800E07F99 /* Debug */,
				B750F68724BF21F800E07F99 /* Release */,
			);
			defaultConfigurationIsVisible = 0;
			defaultConfigurationName = Release;
		};
		B750F68824BF21F800E07F99 /* Build configuration list for PBXNativeTarget "TestApp" */ = {
			isa = XCConfigurationList;
			buildConfigurations = (
				B750F68924BF21F800E07F99 /* Debug */,
				B750F68A24BF21F800E07F99 /* Release */,
			);
			defaultConfigurationIsVisible = 0;
			defaultConfigurationName = Release;
		};
/* End XCConfigurationList section */
	};
	rootObject = B750F66C24BF21F600E07F99 /* Project object */;
}
